
Microsoft Visual Studio Solution File, Format Version 12.00
# Visual Studio Version 17
VisualStudioVersion = 17.7.34221.43
MinimumVisualStudioVersion = 10.0.40219.1
Project("{9A19103F-16F7-4668-BE54-9A1E7A4F7556}") = "PROG301_CurrencyProject", "PROG301_CurrencyProject\PROG301_CurrencyProject.csproj", "{2CD700FE-B26F-40CD-AFAE-FBFABE3257D5}"
EndProject
Project("{FAE04EC0-301F-11D3-BF4B-00C04F79EFBC}") = "UnitTests", "UnitTests\UnitTests.csproj", "{627436FB-2430-44E9-95CB-463D9B3E751C}"
EndProject
Global
	GlobalSection(SolutionConfigurationPlatforms) = preSolution
		Debug|Any CPU = Debug|Any CPU
		Release|Any CPU = Release|Any CPU
	EndGlobalSection
	GlobalSection(ProjectConfigurationPlatforms) = postSolution
		{2CD700FE-B26F-40CD-AFAE-FBFABE3257D5}.Debug|Any CPU.ActiveCfg = Debug|Any CPU
		{2CD700FE-B26F-40CD-AFAE-FBFABE3257D5}.Debug|Any CPU.Build.0 = Debug|Any CPU
		{2CD700FE-B26F-40CD-AFAE-FBFABE3257D5}.Release|Any CPU.ActiveCfg = Release|Any CPU
		{2CD700FE-B26F-40CD-AFAE-FBFABE3257D5}.Release|Any CPU.Build.0 = Release|Any CPU
		{627436FB-2430-44E9-95CB-463D9B3E751C}.Debug|Any CPU.ActiveCfg = Debug|Any CPU
		{627436FB-2430-44E9-95CB-463D9B3E751C}.Debug|Any CPU.Build.0 = Debug|Any CPU
		{627436FB-2430-44E9-95CB-463D9B3E751C}.Release|Any CPU.ActiveCfg = Release|Any CPU
		{627436FB-2430-44E9-95CB-463D9B3E751C}.Release|Any CPU.Build.0 = Release|Any CPU
	EndGlobalSection
	GlobalSection(SolutionProperties) = preSolution
		HideSolutionNode = FALSE
	EndGlobalSection
	GlobalSection(ExtensibilityGlobals) = postSolution
		SolutionGuid = {776619B5-F606-46A4-BF3C-B014F95B68CF}
	EndGlobalSection
EndGlobal
